
Microsoft Visual Studio Solution File, Format Version 12.00
# Visual Studio Version 16
VisualStudioVersion = 16.0.32002.261
MinimumVisualStudioVersion = 10.0.40219.1
Project("{FAE04EC0-301F-11D3-BF4B-00C04F79EFBC}") = "WebAPI_Books", "WebAPI_Books\WebAPI_Books.csproj", "{CE067C8F-81ED-46AB-A6D1-9FF29E28F5B5}"
EndProject
Global
	GlobalSection(SolutionConfigurationPlatforms) = preSolution
		Debug|Any CPU = Debug|Any CPU
		Release|Any CPU = Release|Any CPU
	EndGlobalSection
	GlobalSection(ProjectConfigurationPlatforms) = postSolution
		{CE067C8F-81ED-46AB-A6D1-9FF29E28F5B5}.Debug|Any CPU.ActiveCfg = Debug|Any CPU
		{CE067C8F-81ED-46AB-A6D1-9FF29E28F5B5}.Debug|Any CPU.Build.0 = Debug|Any CPU
		{CE067C8F-81ED-46AB-A6D1-9FF29E28F5B5}.Release|Any CPU.ActiveCfg = Release|Any CPU
		{CE067C8F-81ED-46AB-A6D1-9FF29E28F5B5}.Release|Any CPU.Build.0 = Release|Any CPU
	EndGlobalSection
	GlobalSection(SolutionProperties) = preSolution
		HideSolutionNode = FALSE
	EndGlobalSection
	GlobalSection(ExtensibilityGlobals) = postSolution
		SolutionGuid = {C2D84557-D2AA-4B61-B789-45631ADD00D8}
	EndGlobalSection
EndGlobal
